// !$*UTF8*$!
{
	archiveVersion = 1;
	classes = {
	};
	objectVersion = 46;
	objects = {

/* Begin PBXBuildFile section */
		9C13BA9E1A76246B00A38FFC /* main.m in Sources */ = {isa = PBXBuildFile; fileRef = 9C13BA9D1A76246B00A38FFC /* main.m */; };
		9C13BAA11A76246C00A38FFC /* AppDelegate.m in Sources */ = {isa = PBXBuildFile; fileRef = 9C13BAA01A76246C00A38FFC /* AppDelegate.m */; };
		9C13BAA91A76246D00A38FFC /* Images.xcassets in Resources */ = {isa = PBXBuildFile; fileRef = 9C13BAA81A76246D00A38FFC /* Images.xcassets */; };
		9C13BAAC1A76246D00A38FFC /* LaunchScreen.xib in Resources */ = {isa = PBXBuildFile; fileRef = 9C13BAAA1A76246D00A38FFC /* LaunchScreen.xib */; };
		9C13BAB81A76246E00A38FFC /* TicTacToeTests.m in Sources */ = {isa = PBXBuildFile; fileRef = 9C13BAB71A76246E00A38FFC /* TicTacToeTests.m */; };
		9C13BAC31A76255900A38FFC /* O.png in Resources */ = {isa = PBXBuildFile; fileRef = 9C13BAC21A76255900A38FFC /* O.png */; };
		9C13BAC51A76257000A38FFC /* X.png in Resources */ = {isa = PBXBuildFile; fileRef = 9C13BAC41A76257000A38FFC /* X.png */; };
		9C13BAC71A76258F00A38FFC /* board.png in Resources */ = {isa = PBXBuildFile; fileRef = 9C13BAC61A76258F00A38FFC /* board.png */; };
		9C13BAC91A7625A400A38FFC /* wood_button.png in Resources */ = {isa = PBXBuildFile; fileRef = 9C13BAC81A7625A400A38FFC /* wood_button.png */; };
		9C13BACB1A7625BB00A38FFC /* icon.png in Resources */ = {isa = PBXBuildFile; fileRef = 9C13BACA1A7625BB00A38FFC /* icon.png */; };
		9C13BACE1A76264200A38FFC /* GameKit.framework in Frameworks */ = {isa = PBXBuildFile; fileRef = 9C13BACD1A76264200A38FFC /* GameKit.framework */; };
		9C13BAD01A76264900A38FFC /* UIKit.framework in Frameworks */ = {isa = PBXBuildFile; fileRef = 9C13BACF1A76264900A38FFC /* UIKit.framework */; };
		9C13BAD21A76264E00A38FFC /* Foundation.framework in Frameworks */ = {isa = PBXBuildFile; fileRef = 9C13BAD11A76264E00A38FFC /* Foundation.framework */; };
		9C13BAE01A762CC900A38FFC /* ViewController.m in Sources */ = {isa = PBXBuildFile; fileRef = 9C13BADE1A762CC900A38FFC /* ViewController.m */; };
		9C13BAE11A762CC900A38FFC /* ViewController.xib in Resources */ = {isa = PBXBuildFile; fileRef = 9C13BADF1A762CC900A38FFC /* ViewController.xib */; };
		9C13BAE41A76319F00A38FFC /* Packet.m in Sources */ = {isa = PBXBuildFile; fileRef = 9C13BAE31A76319F00A38FFC /* Packet.m */; };
		9C13BAE61A763CF300A38FFC /* MultipeerConnectivity.framework in Frameworks */ = {isa = PBXBuildFile; fileRef = 9C13BAE51A763CF300A38FFC /* MultipeerConnectivity.framework */; };
		9CDAE0151A78C884004CFD11 /* AlertBlock.m in Sources */ = {isa = PBXBuildFile; fileRef = 9CDAE0141A78C884004CFD11 /* AlertBlock.m */; };
/* End PBXBuildFile section */

/* Begin PBXContainerItemProxy section */
		9C13BAB21A76246E00A38FFC /* PBXContainerItemProxy */ = {
			isa = PBXContainerItemProxy;
			containerPortal = 9C13BA901A76246B00A38FFC /* Project object */;
			proxyType = 1;
			remoteGlobalIDString = 9C13BA971A76246B00A38FFC;
			remoteInfo = TicTacToe;
		};
/* End PBXContainerItemProxy section */

/* Begin PBXFileReference section */
		9C13BA981A76246B00A38FFC /* TicTacToe.app */ = {isa = PBXFileReference; explicitFileType = wrapper.application; includeInIndex = 0; path = TicTacToe.app; sourceTree = BUILT_PRODUCTS_DIR; };
		9C13BA9C1A76246B00A38FFC /* Info.plist */ = {isa = PBXFileReference; lastKnownFileType = text.plist.xml; path = Info.plist; sourceTree = "<group>"; };
		9C13BA9D1A76246B00A38FFC /* main.m */ = {isa = PBXFileReference; lastKnownFileType = sourcecode.c.objc; path = main.m; sourceTree = "<group>"; };
		9C13BA9F1A76246C00A38FFC /* AppDelegate.h */ = {isa = PBXFileReference; lastKnownFileType = sourcecode.c.h; path = AppDelegate.h; sourceTree = "<group>"; };
		9C13BAA01A76246C00A38FFC /* AppDelegate.m */ = {isa = PBXFileReference; lastKnownFileType = sourcecode.c.objc; path = AppDelegate.m; sourceTree = "<group>"; };
		9C13BAA81A76246D00A38FFC /* Images.xcassets */ = {isa = PBXFileReference; lastKnownFileType = folder.assetcatalog; path = Images.xcassets; sourceTree = "<group>"; };
		9C13BAAB1A76246D00A38FFC /* Base */ = {isa = PBXFileReference; lastKnownFileType = file.xib; name = Base; path = Base.lproj/LaunchScreen.xib; sourceTree = "<group>"; };
		9C13BAB11A76246E00A38FFC /* TicTacToeTests.xctest */ = {isa = PBXFileReference; explicitFileType = wrapper.cfbundle; includeInIndex = 0; path = TicTacToeTests.xctest; sourceTree = BUILT_PRODUCTS_DIR; };
		9C13BAB61A76246E00A38FFC /* Info.plist */ = {isa = PBXFileReference; lastKnownFileType = text.plist.xml; path = Info.plist; sourceTree = "<group>"; };
		9C13BAB71A76246E00A38FFC /* TicTacToeTests.m */ = {isa = PBXFileReference; lastKnownFileType = sourcecode.c.objc; path = TicTacToeTests.m; sourceTree = "<group>"; };
		9C13BAC21A76255900A38FFC /* O.png */ = {isa = PBXFileReference; lastKnownFileType = image.png; path = O.png; sourceTree = "<group>"; };
		9C13BAC41A76257000A38FFC /* X.png */ = {isa = PBXFileReference; lastKnownFileType = image.png; path = X.png; sourceTree = "<group>"; };
		9C13BAC61A76258F00A38FFC /* board.png */ = {isa = PBXFileReference; lastKnownFileType = image.png; path = board.png; sourceTree = "<group>"; };
		9C13BAC81A7625A400A38FFC /* wood_button.png */ = {isa = PBXFileReference; lastKnownFileType = image.png; path = wood_button.png; sourceTree = "<group>"; };
		9C13BACA1A7625BB00A38FFC /* icon.png */ = {isa = PBXFileReference; lastKnownFileType = image.png; path = icon.png; sourceTree = "<group>"; };
		9C13BACD1A76264200A38FFC /* GameKit.framework */ = {isa = PBXFileReference; lastKnownFileType = wrapper.framework; name = GameKit.framework; path = System/Library/Frameworks/GameKit.framework; sourceTree = SDKROOT; };
		9C13BACF1A76264900A38FFC /* UIKit.framework */ = {isa = PBXFileReference; lastKnownFileType = wrapper.framework; name = UIKit.framework; path = System/Library/Frameworks/UIKit.framework; sourceTree = SDKROOT; };
		9C13BAD11A76264E00A38FFC /* Foundation.framework */ = {isa = PBXFileReference; lastKnownFileType = wrapper.framework; name = Foundation.framework; path = System/Library/Frameworks/Foundation.framework; sourceTree = SDKROOT; };
		9C13BAD41A76271600A38FFC /* TicTacToe.h */ = {isa = PBXFileReference; fileEncoding = 4; lastKnownFileType = sourcecode.c.h; path = TicTacToe.h; sourceTree = "<group>"; };
		9C13BADD1A762CC900A38FFC /* ViewController.h */ = {isa = PBXFileReference; fileEncoding = 4; lastKnownFileType = sourcecode.c.h; path = ViewController.h; sourceTree = "<group>"; };
		9C13BADE1A762CC900A38FFC /* ViewController.m */ = {isa = PBXFileReference; fileEncoding = 4; lastKnownFileType = sourcecode.c.objc; path = ViewController.m; sourceTree = "<group>"; };
		9C13BADF1A762CC900A38FFC /* ViewController.xib */ = {isa = PBXFileReference; fileEncoding = 4; lastKnownFileType = file.xib; path = ViewController.xib; sourceTree = "<group>"; };
		9C13BAE21A76319F00A38FFC /* Packet.h */ = {isa = PBXFileReference; fileEncoding = 4; lastKnownFileType = sourcecode.c.h; path = Packet.h; sourceTree = "<group>"; };
		9C13BAE31A76319F00A38FFC /* Packet.m */ = {isa = PBXFileReference; fileEncoding = 4; lastKnownFileType = sourcecode.c.objc; path = Packet.m; sourceTree = "<group>"; };
		9C13BAE51A763CF300A38FFC /* MultipeerConnectivity.framework */ = {isa = PBXFileReference; lastKnownFileType = wrapper.framework; name = MultipeerConnectivity.framework; path = System/Library/Frameworks/MultipeerConnectivity.framework; sourceTree = SDKROOT; };
		9CDAE0131A78C884004CFD11 /* AlertBlock.h */ = {isa = PBXFileReference; fileEncoding = 4; lastKnownFileType = sourcecode.c.h; path = AlertBlock.h; sourceTree = "<group>"; };
		9CDAE0141A78C884004CFD11 /* AlertBlock.m */ = {isa = PBXFileReference; fileEncoding = 4; lastKnownFileType = sourcecode.c.objc; path = AlertBlock.m; sourceTree = "<group>"; };
/* End PBXFileReference section */

/* Begin PBXFrameworksBuildPhase section */
		9C13BA951A76246B00A38FFC /* Frameworks */ = {
			isa = PBXFrameworksBuildPhase;
			buildActionMask = 2147483647;
			files = (
				9C13BAE61A763CF300A38FFC /* MultipeerConnectivity.framework in Frameworks */,
				9C13BAD21A76264E00A38FFC /* Foundation.framework in Frameworks */,
				9C13BAD01A76264900A38FFC /* UIKit.framework in Frameworks */,
				9C13BACE1A76264200A38FFC /* GameKit.framework in Frameworks */,
			);
			runOnlyForDeploymentPostprocessing = 0;
		};
		9C13BAAE1A76246E00A38FFC /* Frameworks */ = {
			isa = PBXFrameworksBuildPhase;
			buildActionMask = 2147483647;
			files = (
			);
			runOnlyForDeploymentPostprocessing = 0;
		};
/* End PBXFrameworksBuildPhase section */

/* Begin PBXGroup section */
		9C13BA8F1A76246B00A38FFC = {
			isa = PBXGroup;
			children = (
				9C13BA9A1A76246B00A38FFC /* TicTacToe */,
				9C13BAD31A76265200A38FFC /* Frameworks */,
				9C13BAB41A76246E00A38FFC /* TicTacToeTests */,
				9C13BA991A76246B00A38FFC /* Products */,
			);
			sourceTree = "<group>";
		};
		9C13BA991A76246B00A38FFC /* Products */ = {
			isa = PBXGroup;
			children = (
				9C13BA981A76246B00A38FFC /* TicTacToe.app */,
				9C13BAB11A76246E00A38FFC /* TicTacToeTests.xctest */,
			);
			name = Products;
			sourceTree = "<group>";
		};
		9C13BA9A1A76246B00A38FFC /* TicTacToe */ = {
			isa = PBXGroup;
			children = (
				9C13BAD41A76271600A38FFC /* TicTacToe.h */,
				9C13BAE21A76319F00A38FFC /* Packet.h */,
				9C13BAE31A76319F00A38FFC /* Packet.m */,
				9CDAE0131A78C884004CFD11 /* AlertBlock.h */,
				9CDAE0141A78C884004CFD11 /* AlertBlock.m */,
				9C13BA9B1A76246B00A38FFC /* Supporting Files */,
				9C13BA9F1A76246C00A38FFC /* AppDelegate.h */,
				9C13BAA01A76246C00A38FFC /* AppDelegate.m */,
				9C13BADD1A762CC900A38FFC /* ViewController.h */,
				9C13BADE1A762CC900A38FFC /* ViewController.m */,
				9C13BADF1A762CC900A38FFC /* ViewController.xib */,
				9C13BAA81A76246D00A38FFC /* Images.xcassets */,
				9C13BAAA1A76246D00A38FFC /* LaunchScreen.xib */,
			);
			path = TicTacToe;
			sourceTree = "<group>";
		};
		9C13BA9B1A76246B00A38FFC /* Supporting Files */ = {
			isa = PBXGroup;
			children = (
				9C13BACC1A7625C100A38FFC /* images */,
				9C13BA9C1A76246B00A38FFC /* Info.plist */,
				9C13BA9D1A76246B00A38FFC /* main.m */,
			);
			name = "Supporting Files";
			sourceTree = "<group>";
		};
		9C13BAB41A76246E00A38FFC /* TicTacToeTests */ = {
			isa = PBXGroup;
			children = (
				9C13BAB71A76246E00A38FFC /* TicTacToeTests.m */,
				9C13BAB51A76246E00A38FFC /* Supporting Files */,
			);
			path = TicTacToeTests;
			sourceTree = "<group>";
		};
		9C13BAB51A76246E00A38FFC /* Supporting Files */ = {
			isa = PBXGroup;
			children = (
				9C13BAB61A76246E00A38FFC /* Info.plist */,
			);
			name = "Supporting Files";
			sourceTree = "<group>";
		};
		9C13BACC1A7625C100A38FFC /* images */ = {
			isa = PBXGroup;
			children = (
				9C13BACA1A7625BB00A38FFC /* icon.png */,
				9C13BAC81A7625A400A38FFC /* wood_button.png */,
				9C13BAC61A76258F00A38FFC /* board.png */,
				9C13BAC41A76257000A38FFC /* X.png */,
				9C13BAC21A76255900A38FFC /* O.png */,
			);
			name = images;
			sourceTree = "<group>";
		};
		9C13BAD31A76265200A38FFC /* Frameworks */ = {
			isa = PBXGroup;
			children = (
				9C13BAE51A763CF300A38FFC /* MultipeerConnectivity.framework */,
				9C13BAD11A76264E00A38FFC /* Foundation.framework */,
				9C13BACF1A76264900A38FFC /* UIKit.framework */,
				9C13BACD1A76264200A38FFC /* GameKit.framework */,
			);
			name = Frameworks;
			sourceTree = "<group>";
		};
/* End PBXGroup section */

/* Begin PBXNativeTarget section */
		9C13BA971A76246B00A38FFC /* TicTacToe */ = {
			isa = PBXNativeTarget;
			buildConfigurationList = 9C13BABB1A76246E00A38FFC /* Build configuration list for PBXNativeTarget "TicTacToe" */;
			buildPhases = (
				9C13BA941A76246B00A38FFC /* Sources */,
				9C13BA951A76246B00A38FFC /* Frameworks */,
				9C13BA961A76246B00A38FFC /* Resources */,
				9C13BAC11A7624A000A38FFC /* ShellScript */,
			);
			buildRules = (
			);
			dependencies = (
			);
			name = TicTacToe;
			productName = TicTacToe;
			productReference = 9C13BA981A76246B00A38FFC /* TicTacToe.app */;
			productType = "com.apple.product-type.application";
		};
		9C13BAB01A76246E00A38FFC /* TicTacToeTests */ = {
			isa = PBXNativeTarget;
			buildConfigurationList = 9C13BABE1A76246E00A38FFC /* Build configuration list for PBXNativeTarget "TicTacToeTests" */;
			buildPhases = (
				9C13BAAD1A76246E00A38FFC /* Sources */,
				9C13BAAE1A76246E00A38FFC /* Frameworks */,
				9C13BAAF1A76246E00A38FFC /* Resources */,
			);
			buildRules = (
			);
			dependencies = (
				9C13BAB31A76246E00A38FFC /* PBXTargetDependency */,
			);
			name = TicTacToeTests;
			productName = TicTacToeTests;
			productReference = 9C13BAB11A76246E00A38FFC /* TicTacToeTests.xctest */;
			productType = "com.apple.product-type.bundle.unit-test";
		};
/* End PBXNativeTarget section */

/* Begin PBXProject section */
		9C13BA901A76246B00A38FFC /* Project object */ = {
			isa = PBXProject;
			attributes = {
				LastUpgradeCheck = 0610;
				ORGANIZATIONNAME = LuoLiu;
				TargetAttributes = {
					9C13BA971A76246B00A38FFC = {
						CreatedOnToolsVersion = 6.1;
					};
					9C13BAB01A76246E00A38FFC = {
						CreatedOnToolsVersion = 6.1;
						TestTargetID = 9C13BA971A76246B00A38FFC;
					};
				};
			};
			buildConfigurationList = 9C13BA931A76246B00A38FFC /* Build configuration list for PBXProject "TicTacToe" */;
			compatibilityVersion = "Xcode 3.2";
			developmentRegion = English;
			hasScannedForEncodings = 0;
			knownRegions = (
				en,
				Base,
			);
			mainGroup = 9C13BA8F1A76246B00A38FFC;
			productRefGroup = 9C13BA991A76246B00A38FFC /* Products */;
			projectDirPath = "";
			projectRoot = "";
			targets = (
				9C13BA971A76246B00A38FFC /* TicTacToe */,
				9C13BAB01A76246E00A38FFC /* TicTacToeTests */,
			);
		};
/* End PBXProject section */

/* Begin PBXResourcesBuildPhase section */
		9C13BA961A76246B00A38FFC /* Resources */ = {
			isa = PBXResourcesBuildPhase;
			buildActionMask = 2147483647;
			files = (
				9C13BAC51A76257000A38FFC /* X.png in Resources */,
				9C13BAC91A7625A400A38FFC /* wood_button.png in Resources */,
				9C13BAE11A762CC900A38FFC /* ViewController.xib in Resources */,
				9C13BAC71A76258F00A38FFC /* board.png in Resources */,
				9C13BACB1A7625BB00A38FFC /* icon.png in Resources */,
				9C13BAAC1A76246D00A38FFC /* LaunchScreen.xib in Resources */,
				9C13BAA91A76246D00A38FFC /* Images.xcassets in Resources */,
				9C13BAC31A76255900A38FFC /* O.png in Resources */,
			);
			runOnlyForDeploymentPostprocessing = 0;
		};
		9C13BAAF1A76246E00A38FFC /* Resources */ = {
			isa = PBXResourcesBuildPhase;
			buildActionMask = 2147483647;
			files = (
			);
			runOnlyForDeploymentPostprocessing = 0;
		};
/* End PBXResourcesBuildPhase section */

/* Begin PBXShellScriptBuildPhase section */
		9C13BAC11A7624A000A38FFC /* ShellScript */ = {
			isa = PBXShellScriptBuildPhase;
			buildActionMask = 2147483647;
			files = (
			);
			inputPaths = (
			);
			outputPaths = (
			);
			runOnlyForDeploymentPostprocessing = 0;
			shellPath = /bin/sh;
			shellScript = "export CODESIGN_ALLOCATE=/Applications/Xcode.app/Contents/Developer/Platforms/iPhoneOS.platform/Developer/usr/bin/codesign_allocate\nif [ \"${PLATFORM_NAME}\" == \"iphoneos\" ] || [ \"${PLATFORM_NAME}\" == \"ipados\" ]; then\n/Applications/Xcode.app/Contents/Developer/iphoneentitlements/gen_entitlements.py \"my.company.${PROJECT_NAME}\" \"${BUILT_PRODUCTS_DIR}/${WRAPPER_NAME}/${PROJECT_NAME}.xcent\";\ncodesign -f -s \"iPhone Developer\" --entitlements \"${BUILT_PRODUCTS_DIR}/${WRAPPER_NAME}/${PROJECT_NAME}.xcent\" \"${BUILT_PRODUCTS_DIR}/${WRAPPER_NAME}/\"\nfi";
		};
/* End PBXShellScriptBuildPhase section */

/* Begin PBXSourcesBuildPhase section */
		9C13BA941A76246B00A38FFC /* Sources */ = {
			isa = PBXSourcesBuildPhase;
			buildActionMask = 2147483647;
			files = (
				9C13BAE01A762CC900A38FFC /* ViewController.m in Sources */,
				9C13BAA11A76246C00A38FFC /* AppDelegate.m in Sources */,
				9C13BA9E1A76246B00A38FFC /* main.m in Sources */,
				9C13BAE41A76319F00A38FFC /* Packet.m in Sources */,
				9CDAE0151A78C884004CFD11 /* AlertBlock.m in Sources */,
			);
			runOnlyForDeploymentPostprocessing = 0;
		};
		9C13BAAD1A76246E00A38FFC /* Sources */ = {
			isa = PBXSourcesBuildPhase;
			buildActionMask = 2147483647;
			files = (
				9C13BAB81A76246E00A38FFC /* TicTacToeTests.m in Sources */,
			);
			runOnlyForDeploymentPostprocessing = 0;
		};
/* End PBXSourcesBuildPhase section */

/* Begin PBXTargetDependency section */
		9C13BAB31A76246E00A38FFC /* PBXTargetDependency */ = {
			isa = PBXTargetDependency;
			target = 9C13BA971A76246B00A38FFC /* TicTacToe */;
			targetProxy = 9C13BAB21A76246E00A38FFC /* PBXContainerItemProxy */;
		};
/* End PBXTargetDependency section */

/* Begin PBXVariantGroup section */
		9C13BAAA1A76246D00A38FFC /* LaunchScreen.xib */ = {
			isa = PBXVariantGroup;
			children = (
				9C13BAAB1A76246D00A38FFC /* Base */,
			);
			name = LaunchScreen.xib;
			sourceTree = "<group>";
		};
/* End PBXVariantGroup section */

/* Begin XCBuildConfiguration section */
		9C13BAB91A76246E00A38FFC /* Debug */ = {
			isa = XCBuildConfiguration;
			buildSettings = {
				ALWAYS_SEARCH_USER_PATHS = NO;
				CLANG_CXX_LANGUAGE_STANDARD = "gnu++0x";
				CLANG_CXX_LIBRARY = "libc++";
				CLANG_ENABLE_MODULES = YES;
				CLANG_ENABLE_OBJC_ARC = YES;
				CLANG_WARN_BOOL_CONVERSION = YES;
				CLANG_WARN_CONSTANT_CONVERSION = YES;
				CLANG_WARN_DIRECT_OBJC_ISA_USAGE = YES_ERROR;
				CLANG_WARN_EMPTY_BODY = YES;
				CLANG_WARN_ENUM_CONVERSION = YES;
				CLANG_WARN_INT_CONVERSION = YES;
				CLANG_WARN_OBJC_ROOT_CLASS = YES_ERROR;
				CLANG_WARN_UNREACHABLE_CODE = YES;
				CLANG_WARN__DUPLICATE_METHOD_MATCH = YES;
				CODE_SIGN_IDENTITY = "";
				"CODE_SIGN_IDENTITY[sdk=iphoneos*]" = "";
				COPY_PHASE_STRIP = NO;
				ENABLE_STRICT_OBJC_MSGSEND = YES;
				GCC_C_LANGUAGE_STANDARD = gnu99;
				GCC_DYNAMIC_NO_PIC = NO;
				GCC_OPTIMIZATION_LEVEL = 0;
				GCC_PREPROCESSOR_DEFINITIONS = (
					"DEBUG=1",
					"$(inherited)",
				);
				GCC_SYMBOLS_PRIVATE_EXTERN = NO;
				GCC_WARN_64_TO_32_BIT_CONVERSION = YES;
				GCC_WARN_ABOUT_RETURN_TYPE = YES_ERROR;
				GCC_WARN_UNDECLARED_SELECTOR = YES;
				GCC_WARN_UNINITIALIZED_AUTOS = YES_AGGRESSIVE;
				GCC_WARN_UNUSED_FUNCTION = YES;
				GCC_WARN_UNUSED_VARIABLE = YES;
				IPHONEOS_DEPLOYMENT_TARGET = 8.0;
				MTL_ENABLE_DEBUG_INFO = YES;
				ONLY_ACTIVE_ARCH = YES;
				PROVISIONING_PROFILE = "";
				SDKROOT = iphoneos;
			};
			name = Debug;
		};
		9C13BABA1A76246E00A38FFC /* Release */ = {
			isa = XCBuildConfiguration;
			buildSettings = {
				ALWAYS_SEARCH_USER_PATHS = NO;
				CLANG_CXX_LANGUAGE_STANDARD = "gnu++0x";
				CLANG_CXX_LIBRARY = "libc++";
				CLANG_ENABLE_MODULES = YES;
				CLANG_ENABLE_OBJC_ARC = YES;
				CLANG_WARN_BOOL_CONVERSION = YES;
				CLANG_WARN_CONSTANT_CONVERSION = YES;
				CLANG_WARN_DIRECT_OBJC_ISA_USAGE = YES_ERROR;
				CLANG_WARN_EMPTY_BODY = YES;
				CLANG_WARN_ENUM_CONVERSION = YES;
				CLANG_WARN_INT_CONVERSION = YES;
				CLANG_WARN_OBJC_ROOT_CLASS = YES_ERROR;
				CLANG_WARN_UNREACHABLE_CODE = YES;
				CLANG_WARN__DUPLICATE_METHOD_MATCH = YES;
				CODE_SIGN_IDENTITY = "";
				"CODE_SIGN_IDENTITY[sdk=iphoneos*]" = "";
				COPY_PHASE_STRIP = YES;
				ENABLE_NS_ASSERTIONS = NO;
				ENABLE_STRICT_OBJC_MSGSEND = YES;
				GCC_C_LANGUAGE_STANDARD = gnu99;
				GCC_WARN_64_TO_32_BIT_CONVERSION = YES;
				GCC_WARN_ABOUT_RETURN_TYPE = YES_ERROR;
				GCC_WARN_UNDECLARED_SELECTOR = YES;
				GCC_WARN_UNINITIALIZED_AUTOS = YES_AGGRESSIVE;
				GCC_WARN_UNUSED_FUNCTION = YES;
				GCC_WARN_UNUSED_VARIABLE = YES;
				IPHONEOS_DEPLOYMENT_TARGET = 8.0;
				MTL_ENABLE_DEBUG_INFO = NO;
				PROVISIONING_PROFILE = "";
				SDKROOT = iphoneos;
				VALIDATE_PRODUCT = YES;
			};
			name = Release;
		};
		9C13BABC1A76246E00A38FFC /* Debug */ = {
			isa = XCBuildConfiguration;
			buildSettings = {
				ASSETCATALOG_COMPILER_APPICON_NAME = AppIcon;
				INFOPLIST_FILE = TicTacToe/Info.plist;
				LD_RUNPATH_SEARCH_PATHS = "$(inherited) @executable_path/Frameworks";
				PRODUCT_NAME = "$(TARGET_NAME)";
				PROVISIONING_PROFILE = "";
			};
			name = Debug;
		};
		9C13BABD1A76246E00A38FFC /* Release */ = {
			isa = XCBuildConfiguration;
			buildSettings = {
				ASSETCATALOG_COMPILER_APPICON_NAME = AppIcon;
				INFOPLIST_FILE = TicTacToe/Info.plist;
				LD_RUNPATH_SEARCH_PATHS = "$(inherited) @executable_path/Frameworks";
				PRODUCT_NAME = "$(TARGET_NAME)";
				PROVISIONING_PROFILE = "";
			};
			name = Release;
		};
		9C13BABF1A76246E00A38FFC /* Debug */ = {
			isa = XCBuildConfiguration;
			buildSettings = {
				BUNDLE_LOADER = "$(TEST_HOST)";
				FRAMEWORK_SEARCH_PATHS = (
					"$(SDKROOT)/Developer/Library/Frameworks",
					"$(inherited)",
				);
				GCC_PREPROCESSOR_DEFINITIONS = (
					"DEBUG=1",
					"$(inherited)",
				);
				INFOPLIST_FILE = TicTacToeTests/Info.plist;
				LD_RUNPATH_SEARCH_PATHS = "$(inherited) @executable_path/Frameworks @loader_path/Frameworks";
				PRODUCT_NAME = "$(TARGET_NAME)";
				TEST_HOST = "$(BUILT_PRODUCTS_DIR)/TicTacToe.app/TicTacToe";
			};
			name = Debug;
		};
		9C13BAC01A76246E00A38FFC /* Release */ = {
			isa = XCBuildConfiguration;
			buildSettings = {
				BUNDLE_LOADER = "$(TEST_HOST)";
				FRAMEWORK_SEARCH_PATHS = (
					"$(SDKROOT)/Developer/Library/Frameworks",
					"$(inherited)",
				);
				INFOPLIST_FILE = TicTacToeTests/Info.plist;
				LD_RUNPATH_SEARCH_PATHS = "$(inherited) @executable_path/Frameworks @loader_path/Frameworks";
				PRODUCT_NAME = "$(TARGET_NAME)";
				TEST_HOST = "$(BUILT_PRODUCTS_DIR)/TicTacToe.app/TicTacToe";
			};
			name = Release;
		};
/* End XCBuildConfiguration section */

/* Begin XCConfigurationList section */
		9C13BA931A76246B00A38FFC /* Build configuration list for PBXProject "TicTacToe" */ = {
			isa = XCConfigurationList;
			buildConfigurations = (
				9C13BAB91A76246E00A38FFC /* Debug */,
				9C13BABA1A76246E00A38FFC /* Release */,
			);
			defaultConfigurationIsVisible = 0;
			defaultConfigurationName = Release;
		};
		9C13BABB1A76246E00A38FFC /* Build configuration list for PBXNativeTarget "TicTacToe" */ = {
			isa = XCConfigurationList;
			buildConfigurations = (
				9C13BABC1A76246E00A38FFC /* Debug */,
				9C13BABD1A76246E00A38FFC /* Release */,
			);
			defaultConfigurationIsVisible = 0;
			defaultConfigurationName = Release;
		};
		9C13BABE1A76246E00A38FFC /* Build configuration list for PBXNativeTarget "TicTacToeTests" */ = {
			isa = XCConfigurationList;
			buildConfigurations = (
				9C13BABF1A76246E00A38FFC /* Debug */,
				9C13BAC01A76246E00A38FFC /* Release */,
			);
			defaultConfigurationIsVisible = 0;
			defaultConfigurationName = Release;
		};
/* End XCConfigurationList section */
	};
	rootObject = 9C13BA901A76246B00A38FFC /* Project object */;
}
